
Microsoft Visual Studio Solution File, Format Version 12.00
# Visual Studio Version 17
VisualStudioVersion = 17.13.35825.156 d17.13
MinimumVisualStudioVersion = 10.0.40219.1
Project("{FAE04EC0-301F-11D3-BF4B-00C04F79EFBC}") = "Sistem_penyewaan", "Sistem_penyewaan\Sistem_penyewaan.csproj", "{89990F2E-646B-4D1B-9F73-E8CA348CD314}"
EndProject
Global
	GlobalSection(SolutionConfigurationPlatforms) = preSolution
		Debug|Any CPU = Debug|Any CPU
		Release|Any CPU = Release|Any CPU
	EndGlobalSection
	GlobalSection(ProjectConfigurationPlatforms) = postSolution
		{89990F2E-646B-4D1B-9F73-E8CA348CD314}.Debug|Any CPU.ActiveCfg = Debug|Any CPU
		{89990F2E-646B-4D1B-9F73-E8CA348CD314}.Debug|Any CPU.Build.0 = Debug|Any CPU
		{89990F2E-646B-4D1B-9F73-E8CA348CD314}.Release|Any CPU.ActiveCfg = Release|Any CPU
		{89990F2E-646B-4D1B-9F73-E8CA348CD314}.Release|Any CPU.Build.0 = Release|Any CPU
	EndGlobalSection
	GlobalSection(SolutionProperties) = preSolution
		HideSolutionNode = FALSE
	EndGlobalSection
	GlobalSection(ExtensibilityGlobals) = postSolution
		SolutionGuid = {155DCAFD-1001-4822-9658-5B2C7A10D8C2}
	EndGlobalSection
EndGlobal
